// !$*UTF8*$!
{
	archiveVersion = 1;
	classes = {
	};
	objectVersion = 52;
	objects = {

/* Begin PBXBuildFile section */
		8CA9CBA7239DD55400213558 /* RoutingAppDelegate.swift in Sources */ = {isa = PBXBuildFile; fileRef = 8CA9CBA6239DD55400213558 /* RoutingAppDelegate.swift */; };
		8CA9CBAE239DD70200213558 /* Array+Type.swift in Sources */ = {isa = PBXBuildFile; fileRef = 8CA9CBAD239DD70200213558 /* Array+Type.swift */; };
		8CA9CBB0239DDE5700213558 /* AppDelegate.swift in Sources */ = {isa = PBXBuildFile; fileRef = 8CA9CBAC239DD62300213558 /* AppDelegate.swift */; };
		8CA9CBB1239DDE6500213558 /* RoutingAppDelegateTests.swift in Sources */ = {isa = PBXBuildFile; fileRef = 8CA9CBAA239DD5A300213558 /* RoutingAppDelegateTests.swift */; };
		8CA9CBB2239DDE6800213558 /* ArrayTests.swift in Sources */ = {isa = PBXBuildFile; fileRef = 8CA9CBAF239DD70800213558 /* ArrayTests.swift */; };
		8CA9CDB6239DE19100213558 /* LaunchHandler.swift in Sources */ = {isa = PBXBuildFile; fileRef = 8CA9CDB5239DE19100213558 /* LaunchHandler.swift */; };
		8CA9CDBC239DE4B300213558 /* LoggingService.swift in Sources */ = {isa = PBXBuildFile; fileRef = 8CA9CDBB239DE47E00213558 /* LoggingService.swift */; };
		8CA9CDBD239DE4B700213558 /* AppDelegateTests.swift in Sources */ = {isa = PBXBuildFile; fileRef = 8CA9CDB9239DE1EF00213558 /* AppDelegateTests.swift */; };
		8CA9CDBF239DE58400213558 /* Date+Formatting.swift in Sources */ = {isa = PBXBuildFile; fileRef = 8CA9CDBE239DE58400213558 /* Date+Formatting.swift */; };
		8CA9CDC3239DE5F900213558 /* Withable.swift in Sources */ = {isa = PBXBuildFile; fileRef = 8CA9CDC2239DE5F900213558 /* Withable.swift */; };
		8CA9CDC5239DE60000213558 /* WithableTests.swift in Sources */ = {isa = PBXBuildFile; fileRef = 8CA9CDC4239DE60000213558 /* WithableTests.swift */; };
		8CA9CDC7239DE6BA00213558 /* UserDefaults+TypeSafety.swift in Sources */ = {isa = PBXBuildFile; fileRef = 8CA9CDC6239DE6BA00213558 /* UserDefaults+TypeSafety.swift */; };
		8CA9CDC9239DE6C400213558 /* UserDefaultsTests.swift in Sources */ = {isa = PBXBuildFile; fileRef = 8CA9CDC8239DE6C400213558 /* UserDefaultsTests.swift */; };
		8CA9CDCB239DEC4600213558 /* String+Assert.swift in Sources */ = {isa = PBXBuildFile; fileRef = 8CA9CDCA239DEC3700213558 /* String+Assert.swift */; };
		FA8B537A2398F2B9009E8E1F /* SceneDelegate.swift in Sources */ = {isa = PBXBuildFile; fileRef = FA8B53792398F2B9009E8E1F /* SceneDelegate.swift */; };
		FA8B537D2398F2B9009E8E1F /* Poses.xcdatamodeld in Sources */ = {isa = PBXBuildFile; fileRef = FA8B537B2398F2B9009E8E1F /* Poses.xcdatamodeld */; };
		FA8B537F2398F2B9009E8E1F /* ContentView.swift in Sources */ = {isa = PBXBuildFile; fileRef = FA8B537E2398F2B9009E8E1F /* ContentView.swift */; };
		FA8B53812398F2BA009E8E1F /* Assets.xcassets in Resources */ = {isa = PBXBuildFile; fileRef = FA8B53802398F2BA009E8E1F /* Assets.xcassets */; };
		FA8B53842398F2BA009E8E1F /* Preview Assets.xcassets in Resources */ = {isa = PBXBuildFile; fileRef = FA8B53832398F2BA009E8E1F /* Preview Assets.xcassets */; };
		FA8B53872398F2BA009E8E1F /* LaunchScreen.storyboard in Resources */ = {isa = PBXBuildFile; fileRef = FA8B53852398F2BA009E8E1F /* LaunchScreen.storyboard */; };
		FA8B539D2398F2BA009E8E1F /* PosesUITests.swift in Sources */ = {isa = PBXBuildFile; fileRef = FA8B539C2398F2BA009E8E1F /* PosesUITests.swift */; };
		FAD49963239BA4340030CB8E /* SwiftyBeaver in Frameworks */ = {isa = PBXBuildFile; productRef = FAD49962239BA4340030CB8E /* SwiftyBeaver */; };
		FAD49966239BA7640030CB8E /* UIApplication+Environment.swift in Sources */ = {isa = PBXBuildFile; fileRef = FAD49965239BA7640030CB8E /* UIApplication+Environment.swift */; };
		FAD49969239BA8000030CB8E /* ProcessInfo+Launch.swift in Sources */ = {isa = PBXBuildFile; fileRef = FAD49968239BA8000030CB8E /* ProcessInfo+Launch.swift */; };
		FAD4996A239BA8000030CB8E /* ProcessInfo+Launch.swift in Sources */ = {isa = PBXBuildFile; fileRef = FAD49968239BA8000030CB8E /* ProcessInfo+Launch.swift */; };
		FAD4996D239BA90A0030CB8E /* XCTestCase+Launch.swift in Sources */ = {isa = PBXBuildFile; fileRef = FAD4996C239BA90A0030CB8E /* XCTestCase+Launch.swift */; };
		FAECA214239CEF340028AE3A /* Localizable.strings in Resources */ = {isa = PBXBuildFile; fileRef = FAECA212239CEF340028AE3A /* Localizable.strings */; };
		FAECA217239CF07A0028AE3A /* Rswift in Frameworks */ = {isa = PBXBuildFile; productRef = FAECA216239CF07A0028AE3A /* Rswift */; };
		FAECA21A239CF1900028AE3A /* R.generated.swift in Sources */ = {isa = PBXBuildFile; fileRef = FAECA219239CF1900028AE3A /* R.generated.swift */; };
		FAECA21E239CF8F80028AE3A /* String+Formatting.swift in Sources */ = {isa = PBXBuildFile; fileRef = FAECA21D239CF8F80028AE3A /* String+Formatting.swift */; };
		FAECA220239CFD8A0028AE3A /* SnapshotHelper.swift in Sources */ = {isa = PBXBuildFile; fileRef = FAECA21F239CFD8A0028AE3A /* SnapshotHelper.swift */; };
		FAECA222239D004E0028AE3A /* AppStoreSnapshotTests.swift in Sources */ = {isa = PBXBuildFile; fileRef = FAECA221239D004E0028AE3A /* AppStoreSnapshotTests.swift */; };
/* End PBXBuildFile section */

/* Begin PBXContainerItemProxy section */
		FA8B538E2398F2BA009E8E1F /* PBXContainerItemProxy */ = {
			isa = PBXContainerItemProxy;
			containerPortal = FA8B536C2398F2B9009E8E1F /* Project object */;
			proxyType = 1;
			remoteGlobalIDString = FA8B53732398F2B9009E8E1F;
			remoteInfo = poses;
		};
		FA8B53992398F2BA009E8E1F /* PBXContainerItemProxy */ = {
			isa = PBXContainerItemProxy;
			containerPortal = FA8B536C2398F2B9009E8E1F /* Project object */;
			proxyType = 1;
			remoteGlobalIDString = FA8B53732398F2B9009E8E1F;
			remoteInfo = poses;
		};
/* End PBXContainerItemProxy section */

/* Begin PBXFileReference section */
		8C7AAF2F239A10520065F035 /* IDETemplateMacros.plist */ = {isa = PBXFileReference; lastKnownFileType = text.plist.xml; name = IDETemplateMacros.plist; path = Poses.xcodeproj/xcshareddata/IDETemplateMacros.plist; sourceTree = "<group>"; };
		8C7AAF30239A11820065F035 /* .github */ = {isa = PBXFileReference; lastKnownFileType = folder; path = .github; sourceTree = "<group>"; };
		8C7AAF31239A119E0065F035 /* README.md */ = {isa = PBXFileReference; lastKnownFileType = net.daringfireball.markdown; path = README.md; sourceTree = "<group>"; };
		8C7AAF32239A119E0065F035 /* CHANGELOG.md */ = {isa = PBXFileReference; lastKnownFileType = net.daringfireball.markdown; path = CHANGELOG.md; sourceTree = "<group>"; };
		8C7AAF33239A119E0065F035 /* LICENSE.md */ = {isa = PBXFileReference; lastKnownFileType = net.daringfireball.markdown; path = LICENSE.md; sourceTree = "<group>"; };
		8C7AAF36239A53600065F035 /* codecov.yml */ = {isa = PBXFileReference; lastKnownFileType = text.yaml; path = codecov.yml; sourceTree = "<group>"; };
		8C7AAF37239A55010065F035 /* .codebeatsettings */ = {isa = PBXFileReference; lastKnownFileType = text; path = .codebeatsettings; sourceTree = "<group>"; };
		8C7AAF38239A55010065F035 /* .codebeatignore */ = {isa = PBXFileReference; lastKnownFileType = text; path = .codebeatignore; sourceTree = "<group>"; };
		8C7AAF39239A58100065F035 /* Mintfile */ = {isa = PBXFileReference; lastKnownFileType = text; path = Mintfile; sourceTree = "<group>"; };
		8C7AAF3A239A5AF00065F035 /* .gitignore */ = {isa = PBXFileReference; lastKnownFileType = text; path = .gitignore; sourceTree = "<group>"; };
		8C7AAF3B239A5B600065F035 /* .swiftlint.yml */ = {isa = PBXFileReference; lastKnownFileType = text.yaml; path = .swiftlint.yml; sourceTree = "<group>"; };
		8C7AAF3D239A608E0065F035 /* Gemfile */ = {isa = PBXFileReference; lastKnownFileType = text; path = Gemfile; sourceTree = "<group>"; };
		8C7AAF3E239A60BA0065F035 /* Gemfile.lock */ = {isa = PBXFileReference; lastKnownFileType = text; path = Gemfile.lock; sourceTree = "<group>"; };
		8C7AAF3F239A61F10065F035 /* .jazzy.yaml */ = {isa = PBXFileReference; lastKnownFileType = text.yaml; path = .jazzy.yaml; sourceTree = "<group>"; };
		8CA9CBA6239DD55400213558 /* RoutingAppDelegate.swift */ = {isa = PBXFileReference; lastKnownFileType = sourcecode.swift; path = RoutingAppDelegate.swift; sourceTree = "<group>"; };
		8CA9CBAA239DD5A300213558 /* RoutingAppDelegateTests.swift */ = {isa = PBXFileReference; lastKnownFileType = sourcecode.swift; path = RoutingAppDelegateTests.swift; sourceTree = "<group>"; };
		8CA9CBAC239DD62300213558 /* AppDelegate.swift */ = {isa = PBXFileReference; lastKnownFileType = sourcecode.swift; path = AppDelegate.swift; sourceTree = "<group>"; };
		8CA9CBAD239DD70200213558 /* Array+Type.swift */ = {isa = PBXFileReference; lastKnownFileType = sourcecode.swift; path = "Array+Type.swift"; sourceTree = "<group>"; };
		8CA9CBAF239DD70800213558 /* ArrayTests.swift */ = {isa = PBXFileReference; lastKnownFileType = sourcecode.swift; path = ArrayTests.swift; sourceTree = "<group>"; };
		8CA9CDB5239DE19100213558 /* LaunchHandler.swift */ = {isa = PBXFileReference; lastKnownFileType = sourcecode.swift; path = LaunchHandler.swift; sourceTree = "<group>"; };
		8CA9CDB9239DE1EF00213558 /* AppDelegateTests.swift */ = {isa = PBXFileReference; lastKnownFileType = sourcecode.swift; path = AppDelegateTests.swift; sourceTree = "<group>"; };
		8CA9CDBB239DE47E00213558 /* LoggingService.swift */ = {isa = PBXFileReference; lastKnownFileType = sourcecode.swift; path = LoggingService.swift; sourceTree = "<group>"; };
		8CA9CDBE239DE58400213558 /* Date+Formatting.swift */ = {isa = PBXFileReference; lastKnownFileType = sourcecode.swift; path = "Date+Formatting.swift"; sourceTree = "<group>"; };
		8CA9CDC2239DE5F900213558 /* Withable.swift */ = {isa = PBXFileReference; lastKnownFileType = sourcecode.swift; path = Withable.swift; sourceTree = "<group>"; };
		8CA9CDC4239DE60000213558 /* WithableTests.swift */ = {isa = PBXFileReference; lastKnownFileType = sourcecode.swift; path = WithableTests.swift; sourceTree = "<group>"; };
		8CA9CDC6239DE6BA00213558 /* UserDefaults+TypeSafety.swift */ = {isa = PBXFileReference; lastKnownFileType = sourcecode.swift; path = "UserDefaults+TypeSafety.swift"; sourceTree = "<group>"; };
		8CA9CDC8239DE6C400213558 /* UserDefaultsTests.swift */ = {isa = PBXFileReference; lastKnownFileType = sourcecode.swift; path = UserDefaultsTests.swift; sourceTree = "<group>"; };
		8CA9CDCA239DEC3700213558 /* String+Assert.swift */ = {isa = PBXFileReference; lastKnownFileType = sourcecode.swift; path = "String+Assert.swift"; sourceTree = "<group>"; };
		FA8B53742398F2B9009E8E1F /* Poses Pro.app */ = {isa = PBXFileReference; explicitFileType = wrapper.application; includeInIndex = 0; path = "Poses Pro.app"; sourceTree = BUILT_PRODUCTS_DIR; };
		FA8B53772398F2B9009E8E1F /* OldAppDelegate.swift */ = {isa = PBXFileReference; lastKnownFileType = sourcecode.swift; path = OldAppDelegate.swift; sourceTree = "<group>"; };
		FA8B53792398F2B9009E8E1F /* SceneDelegate.swift */ = {isa = PBXFileReference; lastKnownFileType = sourcecode.swift; path = SceneDelegate.swift; sourceTree = "<group>"; };
		FA8B537C2398F2B9009E8E1F /* Poses.xcdatamodel */ = {isa = PBXFileReference; lastKnownFileType = wrapper.xcdatamodel; path = Poses.xcdatamodel; sourceTree = "<group>"; };
		FA8B537E2398F2B9009E8E1F /* ContentView.swift */ = {isa = PBXFileReference; lastKnownFileType = sourcecode.swift; path = ContentView.swift; sourceTree = "<group>"; };
		FA8B53802398F2BA009E8E1F /* Assets.xcassets */ = {isa = PBXFileReference; lastKnownFileType = folder.assetcatalog; path = Assets.xcassets; sourceTree = "<group>"; };
		FA8B53832398F2BA009E8E1F /* Preview Assets.xcassets */ = {isa = PBXFileReference; lastKnownFileType = folder.assetcatalog; path = "Preview Assets.xcassets"; sourceTree = "<group>"; };
		FA8B53862398F2BA009E8E1F /* Base */ = {isa = PBXFileReference; lastKnownFileType = file.storyboard; name = Base; path = Base.lproj/LaunchScreen.storyboard; sourceTree = "<group>"; };
		FA8B53882398F2BA009E8E1F /* Info.plist */ = {isa = PBXFileReference; lastKnownFileType = text.plist.xml; path = Info.plist; sourceTree = "<group>"; };
		FA8B538D2398F2BA009E8E1F /* PosesTests.xctest */ = {isa = PBXFileReference; explicitFileType = wrapper.cfbundle; includeInIndex = 0; path = PosesTests.xctest; sourceTree = BUILT_PRODUCTS_DIR; };
		FA8B53932398F2BA009E8E1F /* Info.plist */ = {isa = PBXFileReference; lastKnownFileType = text.plist.xml; path = Info.plist; sourceTree = "<group>"; };
		FA8B53982398F2BA009E8E1F /* PosesUITests.xctest */ = {isa = PBXFileReference; explicitFileType = wrapper.cfbundle; includeInIndex = 0; path = PosesUITests.xctest; sourceTree = BUILT_PRODUCTS_DIR; };
		FA8B539C2398F2BA009E8E1F /* PosesUITests.swift */ = {isa = PBXFileReference; lastKnownFileType = sourcecode.swift; path = PosesUITests.swift; sourceTree = "<group>"; };
		FA8B539E2398F2BA009E8E1F /* Info.plist */ = {isa = PBXFileReference; lastKnownFileType = text.plist.xml; path = Info.plist; sourceTree = "<group>"; };
		FAD49965239BA7640030CB8E /* UIApplication+Environment.swift */ = {isa = PBXFileReference; fileEncoding = 4; lastKnownFileType = sourcecode.swift; path = "UIApplication+Environment.swift"; sourceTree = "<group>"; };
		FAD49968239BA8000030CB8E /* ProcessInfo+Launch.swift */ = {isa = PBXFileReference; fileEncoding = 4; lastKnownFileType = sourcecode.swift; path = "ProcessInfo+Launch.swift"; sourceTree = "<group>"; };
		FAD4996C239BA90A0030CB8E /* XCTestCase+Launch.swift */ = {isa = PBXFileReference; fileEncoding = 4; lastKnownFileType = sourcecode.swift; path = "XCTestCase+Launch.swift"; sourceTree = "<group>"; };
		FAD49973239C4B070030CB8E /* PosesUITests-Debug.xcconfig */ = {isa = PBXFileReference; lastKnownFileType = text.xcconfig; path = "PosesUITests-Debug.xcconfig"; sourceTree = "<group>"; };
		FAD49974239C4B070030CB8E /* PosesUITests-Shared.xcconfig */ = {isa = PBXFileReference; lastKnownFileType = text.xcconfig; path = "PosesUITests-Shared.xcconfig"; sourceTree = "<group>"; };
		FAD49975239C4B070030CB8E /* Project-Release.xcconfig */ = {isa = PBXFileReference; lastKnownFileType = text.xcconfig; path = "Project-Release.xcconfig"; sourceTree = "<group>"; };
		FAD49976239C4B070030CB8E /* Poses-Shared.xcconfig */ = {isa = PBXFileReference; lastKnownFileType = text.xcconfig; path = "Poses-Shared.xcconfig"; sourceTree = "<group>"; };
		FAD49977239C4B070030CB8E /* Project-Shared.xcconfig */ = {isa = PBXFileReference; lastKnownFileType = text.xcconfig; path = "Project-Shared.xcconfig"; sourceTree = "<group>"; };
		FAD49978239C4B070030CB8E /* PosesTests-Debug.xcconfig */ = {isa = PBXFileReference; lastKnownFileType = text.xcconfig; path = "PosesTests-Debug.xcconfig"; sourceTree = "<group>"; };
		FAD49979239C4B070030CB8E /* PosesTests-Release.xcconfig */ = {isa = PBXFileReference; lastKnownFileType = text.xcconfig; path = "PosesTests-Release.xcconfig"; sourceTree = "<group>"; };
		FAD4997A239C4B070030CB8E /* Poses-Debug.xcconfig */ = {isa = PBXFileReference; lastKnownFileType = text.xcconfig; path = "Poses-Debug.xcconfig"; sourceTree = "<group>"; };
		FAD4997B239C4B070030CB8E /* Poses-Release.xcconfig */ = {isa = PBXFileReference; lastKnownFileType = text.xcconfig; path = "Poses-Release.xcconfig"; sourceTree = "<group>"; };
		FAD4997C239C4B070030CB8E /* PosesUITests-Release.xcconfig */ = {isa = PBXFileReference; lastKnownFileType = text.xcconfig; path = "PosesUITests-Release.xcconfig"; sourceTree = "<group>"; };
		FAD4997D239C4B070030CB8E /* Project-Debug.xcconfig */ = {isa = PBXFileReference; lastKnownFileType = text.xcconfig; path = "Project-Debug.xcconfig"; sourceTree = "<group>"; };
		FAD4997E239C4B070030CB8E /* PosesTests-Shared.xcconfig */ = {isa = PBXFileReference; lastKnownFileType = text.xcconfig; path = "PosesTests-Shared.xcconfig"; sourceTree = "<group>"; };
		FAECA213239CEF340028AE3A /* Base */ = {isa = PBXFileReference; lastKnownFileType = text.plist.strings; name = Base; path = Base.lproj/Localizable.strings; sourceTree = "<group>"; };
		FAECA219239CF1900028AE3A /* R.generated.swift */ = {isa = PBXFileReference; fileEncoding = 4; lastKnownFileType = sourcecode.swift; path = R.generated.swift; sourceTree = "<group>"; };
		FAECA21D239CF8F80028AE3A /* String+Formatting.swift */ = {isa = PBXFileReference; fileEncoding = 4; lastKnownFileType = sourcecode.swift; path = "String+Formatting.swift"; sourceTree = "<group>"; };
		FAECA21F239CFD8A0028AE3A /* SnapshotHelper.swift */ = {isa = PBXFileReference; fileEncoding = 4; lastKnownFileType = sourcecode.swift; name = SnapshotHelper.swift; path = fastlane/SnapshotHelper.swift; sourceTree = SOURCE_ROOT; };
		FAECA221239D004E0028AE3A /* AppStoreSnapshotTests.swift */ = {isa = PBXFileReference; lastKnownFileType = sourcecode.swift; path = AppStoreSnapshotTests.swift; sourceTree = "<group>"; };
		FAECA223239D01BA0028AE3A /* fastlane */ = {isa = PBXFileReference; lastKnownFileType = folder; path = fastlane; sourceTree = "<group>"; };
/* End PBXFileReference section */

/* Begin PBXFrameworksBuildPhase section */
		FA8B53712398F2B9009E8E1F /* Frameworks */ = {
			isa = PBXFrameworksBuildPhase;
			buildActionMask = 2147483647;
			files = (
				FAD49963239BA4340030CB8E /* SwiftyBeaver in Frameworks */,
				FAECA217239CF07A0028AE3A /* Rswift in Frameworks */,
			);
			runOnlyForDeploymentPostprocessing = 0;
		};
		FA8B538A2398F2BA009E8E1F /* Frameworks */ = {
			isa = PBXFrameworksBuildPhase;
			buildActionMask = 2147483647;
			files = (
			);
			runOnlyForDeploymentPostprocessing = 0;
		};
		FA8B53952398F2BA009E8E1F /* Frameworks */ = {
			isa = PBXFrameworksBuildPhase;
			buildActionMask = 2147483647;
			files = (
			);
			runOnlyForDeploymentPostprocessing = 0;
		};
/* End PBXFrameworksBuildPhase section */

/* Begin PBXGroup section */
		8C7AAF2C2399F2730065F035 /* application */ = {
			isa = PBXGroup;
			children = (
				8CA9CBAB239DD60A00213558 /* delegate */,
				8CA9CDBA239DE46F00213558 /* services */,
				FA8B53772398F2B9009E8E1F /* OldAppDelegate.swift */,
				FA8B53792398F2B9009E8E1F /* SceneDelegate.swift */,
				FA8B537E2398F2B9009E8E1F /* ContentView.swift */,
			);
			path = application;
			sourceTree = "<group>";
		};
		8C7AAF2D2399F2840065F035 /* resources */ = {
			isa = PBXGroup;
			children = (
				FA8B53802398F2BA009E8E1F /* Assets.xcassets */,
				FA8B53882398F2BA009E8E1F /* Info.plist */,
				FA8B53852398F2BA009E8E1F /* LaunchScreen.storyboard */,
				FAECA212239CEF340028AE3A /* Localizable.strings */,
				FA8B537B2398F2B9009E8E1F /* Poses.xcdatamodeld */,
				FA8B53822398F2BA009E8E1F /* Preview Content */,
				FAECA219239CF1900028AE3A /* R.generated.swift */,
			);
			path = resources;
			sourceTree = "<group>";
		};
		8C7AAF2E239A0FCA0065F035 /* metadata */ = {
			isa = PBXGroup;
			children = (
				8C7AAF38239A55010065F035 /* .codebeatignore */,
				8C7AAF37239A55010065F035 /* .codebeatsettings */,
				8C7AAF30239A11820065F035 /* .github */,
				8C7AAF3A239A5AF00065F035 /* .gitignore */,
				8C7AAF3F239A61F10065F035 /* .jazzy.yaml */,
				8C7AAF3B239A5B600065F035 /* .swiftlint.yml */,
				8C7AAF32239A119E0065F035 /* CHANGELOG.md */,
				8C7AAF36239A53600065F035 /* codecov.yml */,
				FAECA223239D01BA0028AE3A /* fastlane */,
				8C7AAF3D239A608E0065F035 /* Gemfile */,
				8C7AAF3E239A60BA0065F035 /* Gemfile.lock */,
				8C7AAF2F239A10520065F035 /* IDETemplateMacros.plist */,
				8C7AAF33239A119E0065F035 /* LICENSE.md */,
				8C7AAF39239A58100065F035 /* Mintfile */,
				8C7AAF31239A119E0065F035 /* README.md */,
				FAD49972239C4B070030CB8E /* xcconfig */,
			);
			name = metadata;
			sourceTree = "<group>";
		};
		8CA9CBA8239DD58100213558 /* tests */ = {
			isa = PBXGroup;
			children = (
				8CA9CDB7239DE1DE00213558 /* application */,
				8CA9CBA9239DD58E00213558 /* support */,
			);
			path = tests;
			sourceTree = "<group>";
		};
		8CA9CBA9239DD58E00213558 /* support */ = {
			isa = PBXGroup;
			children = (
				8CA9CBAF239DD70800213558 /* ArrayTests.swift */,
				8CA9CBAA239DD5A300213558 /* RoutingAppDelegateTests.swift */,
				8CA9CDC8239DE6C400213558 /* UserDefaultsTests.swift */,
				8CA9CDC4239DE60000213558 /* WithableTests.swift */,
			);
			path = support;
			sourceTree = "<group>";
		};
		8CA9CBAB239DD60A00213558 /* delegate */ = {
			isa = PBXGroup;
			children = (
				8CA9CBAC239DD62300213558 /* AppDelegate.swift */,
				8CA9CDB5239DE19100213558 /* LaunchHandler.swift */,
			);
			path = delegate;
			sourceTree = "<group>";
		};
		8CA9CDB7239DE1DE00213558 /* application */ = {
			isa = PBXGroup;
			children = (
				8CA9CDB8239DE1E600213558 /* delegate */,
			);
			path = application;
			sourceTree = "<group>";
		};
		8CA9CDB8239DE1E600213558 /* delegate */ = {
			isa = PBXGroup;
			children = (
				8CA9CDB9239DE1EF00213558 /* AppDelegateTests.swift */,
			);
			path = delegate;
			sourceTree = "<group>";
		};
		8CA9CDBA239DE46F00213558 /* services */ = {
			isa = PBXGroup;
			children = (
				8CA9CDBB239DE47E00213558 /* LoggingService.swift */,
			);
			path = services;
			sourceTree = "<group>";
		};
		FA8B536B2398F2B9009E8E1F = {
			isa = PBXGroup;
			children = (
				FA8B53762398F2B9009E8E1F /* Poses */,
				8C7AAF2E239A0FCA0065F035 /* metadata */,
				FA8B53902398F2BA009E8E1F /* PosesTests */,
				FA8B539B2398F2BA009E8E1F /* PosesUITests */,
				FA8B53752398F2B9009E8E1F /* Products */,
			);
			sourceTree = "<group>";
		};
		FA8B53752398F2B9009E8E1F /* Products */ = {
			isa = PBXGroup;
			children = (
				FA8B53742398F2B9009E8E1F /* Poses Pro.app */,
				FA8B538D2398F2BA009E8E1F /* PosesTests.xctest */,
				FA8B53982398F2BA009E8E1F /* PosesUITests.xctest */,
			);
			name = Products;
			sourceTree = "<group>";
		};
		FA8B53762398F2B9009E8E1F /* Poses */ = {
			isa = PBXGroup;
			children = (
				8C7AAF2C2399F2730065F035 /* application */,
				8C7AAF2D2399F2840065F035 /* resources */,
				FAD49964239BA6910030CB8E /* support */,
				FAD49967239BA7CF0030CB8E /* testing */,
			);
			path = Poses;
			sourceTree = "<group>";
		};
		FA8B53822398F2BA009E8E1F /* Preview Content */ = {
			isa = PBXGroup;
			children = (
				FA8B53832398F2BA009E8E1F /* Preview Assets.xcassets */,
			);
			path = "Preview Content";
			sourceTree = "<group>";
		};
		FA8B53902398F2BA009E8E1F /* PosesTests */ = {
			isa = PBXGroup;
			children = (
				8CA9CBA8239DD58100213558 /* tests */,
				FAD4996F239BAA0F0030CB8E /* support */,
			);
			path = PosesTests;
			sourceTree = "<group>";
		};
		FA8B539B2398F2BA009E8E1F /* PosesUITests */ = {
			isa = PBXGroup;
			children = (
				FAECA221239D004E0028AE3A /* AppStoreSnapshotTests.swift */,
				FA8B539C2398F2BA009E8E1F /* PosesUITests.swift */,
				FAD4996B239BA8F40030CB8E /* support */,
			);
			path = PosesUITests;
			sourceTree = "<group>";
		};
		FAD49964239BA6910030CB8E /* support */ = {
			isa = PBXGroup;
			children = (
				8CA9CBAD239DD70200213558 /* Array+Type.swift */,
				8CA9CDBE239DE58400213558 /* Date+Formatting.swift */,
				8CA9CBA6239DD55400213558 /* RoutingAppDelegate.swift */,
				FAECA21D239CF8F80028AE3A /* String+Formatting.swift */,
				FAD49965239BA7640030CB8E /* UIApplication+Environment.swift */,
				8CA9CDC6239DE6BA00213558 /* UserDefaults+TypeSafety.swift */,
				8CA9CDC2239DE5F900213558 /* Withable.swift */,
			);
			path = support;
			sourceTree = "<group>";
		};
		FAD49967239BA7CF0030CB8E /* testing */ = {
			isa = PBXGroup;
			children = (
				FAD49968239BA8000030CB8E /* ProcessInfo+Launch.swift */,
			);
			path = testing;
			sourceTree = "<group>";
		};
		FAD4996B239BA8F40030CB8E /* support */ = {
			isa = PBXGroup;
			children = (
				FAECA21F239CFD8A0028AE3A /* SnapshotHelper.swift */,
				FAD4996C239BA90A0030CB8E /* XCTestCase+Launch.swift */,
				FA8B539E2398F2BA009E8E1F /* Info.plist */,
			);
			path = support;
			sourceTree = "<group>";
		};
		FAD4996F239BAA0F0030CB8E /* support */ = {
			isa = PBXGroup;
			children = (
				FA8B53932398F2BA009E8E1F /* Info.plist */,
				8CA9CDCA239DEC3700213558 /* String+Assert.swift */,
			);
			path = support;
			sourceTree = "<group>";
		};
		FAD49972239C4B070030CB8E /* xcconfig */ = {
			isa = PBXGroup;
			children = (
				FAD49977239C4B070030CB8E /* Project-Shared.xcconfig */,
				FAD4997D239C4B070030CB8E /* Project-Debug.xcconfig */,
				FAD49975239C4B070030CB8E /* Project-Release.xcconfig */,
				FAD49976239C4B070030CB8E /* Poses-Shared.xcconfig */,
				FAD4997A239C4B070030CB8E /* Poses-Debug.xcconfig */,
				FAD4997B239C4B070030CB8E /* Poses-Release.xcconfig */,
				FAD49978239C4B070030CB8E /* PosesTests-Debug.xcconfig */,
				FAD49979239C4B070030CB8E /* PosesTests-Release.xcconfig */,
				FAD4997E239C4B070030CB8E /* PosesTests-Shared.xcconfig */,
				FAD49974239C4B070030CB8E /* PosesUITests-Shared.xcconfig */,
				FAD49973239C4B070030CB8E /* PosesUITests-Debug.xcconfig */,
				FAD4997C239C4B070030CB8E /* PosesUITests-Release.xcconfig */,
			);
			path = xcconfig;
			sourceTree = "<group>";
		};
/* End PBXGroup section */

/* Begin PBXNativeTarget section */
		FA8B53732398F2B9009E8E1F /* Poses */ = {
			isa = PBXNativeTarget;
			buildConfigurationList = FA8B53A12398F2BA009E8E1F /* Build configuration list for PBXNativeTarget "Poses" */;
			buildPhases = (
				FAECA218239CF09E0028AE3A /* Generate R.generated.swift */,
				FA8B53702398F2B9009E8E1F /* Sources */,
				FA8B53712398F2B9009E8E1F /* Frameworks */,
				8C7AAF3C239A5C1A0065F035 /* SwiftLint */,
				FA8B53722398F2B9009E8E1F /* Resources */,
			);
			buildRules = (
			);
			dependencies = (
			);
			name = Poses;
			packageProductDependencies = (
				FAD49962239BA4340030CB8E /* SwiftyBeaver */,
				FAECA216239CF07A0028AE3A /* Rswift */,
			);
			productName = poses;
			productReference = FA8B53742398F2B9009E8E1F /* Poses Pro.app */;
			productType = "com.apple.product-type.application";
		};
		FA8B538C2398F2BA009E8E1F /* PosesTests */ = {
			isa = PBXNativeTarget;
			buildConfigurationList = FA8B53A42398F2BA009E8E1F /* Build configuration list for PBXNativeTarget "PosesTests" */;
			buildPhases = (
				FA8B53892398F2BA009E8E1F /* Sources */,
				FA8B538A2398F2BA009E8E1F /* Frameworks */,
				FA8B538B2398F2BA009E8E1F /* Resources */,
			);
			buildRules = (
			);
			dependencies = (
				FA8B538F2398F2BA009E8E1F /* PBXTargetDependency */,
			);
			name = PosesTests;
			productName = posesTests;
			productReference = FA8B538D2398F2BA009E8E1F /* PosesTests.xctest */;
			productType = "com.apple.product-type.bundle.unit-test";
		};
		FA8B53972398F2BA009E8E1F /* PosesUITests */ = {
			isa = PBXNativeTarget;
			buildConfigurationList = FA8B53A72398F2BA009E8E1F /* Build configuration list for PBXNativeTarget "PosesUITests" */;
			buildPhases = (
				FA8B53942398F2BA009E8E1F /* Sources */,
				FA8B53952398F2BA009E8E1F /* Frameworks */,
				FA8B53962398F2BA009E8E1F /* Resources */,
			);
			buildRules = (
			);
			dependencies = (
				FA8B539A2398F2BA009E8E1F /* PBXTargetDependency */,
			);
			name = PosesUITests;
			productName = posesUITests;
			productReference = FA8B53982398F2BA009E8E1F /* PosesUITests.xctest */;
			productType = "com.apple.product-type.bundle.ui-testing";
		};
/* End PBXNativeTarget section */

/* Begin PBXProject section */
		FA8B536C2398F2B9009E8E1F /* Project object */ = {
			isa = PBXProject;
			attributes = {
				LastSwiftUpdateCheck = 1120;
				LastUpgradeCheck = 1120;
				ORGANIZATIONNAME = "Trollwerks Inc.";
				TargetAttributes = {
					FA8B53732398F2B9009E8E1F = {
						CreatedOnToolsVersion = 11.2.1;
					};
					FA8B538C2398F2BA009E8E1F = {
						CreatedOnToolsVersion = 11.2.1;
						TestTargetID = FA8B53732398F2B9009E8E1F;
					};
					FA8B53972398F2BA009E8E1F = {
						CreatedOnToolsVersion = 11.2.1;
						TestTargetID = FA8B53732398F2B9009E8E1F;
					};
				};
			};
			buildConfigurationList = FA8B536F2398F2B9009E8E1F /* Build configuration list for PBXProject "Poses" */;
			compatibilityVersion = "Xcode 11.0";
			developmentRegion = en;
			hasScannedForEncodings = 0;
			knownRegions = (
				en,
				Base,
			);
			mainGroup = FA8B536B2398F2B9009E8E1F;
			packageReferences = (
				FAD49961239BA4340030CB8E /* XCRemoteSwiftPackageReference "SwiftyBeaver" */,
				FAECA215239CF07A0028AE3A /* XCRemoteSwiftPackageReference "R.swift" */,
			);
			productRefGroup = FA8B53752398F2B9009E8E1F /* Products */;
			projectDirPath = "";
			projectRoot = "";
			targets = (
				FA8B53732398F2B9009E8E1F /* Poses */,
				FA8B538C2398F2BA009E8E1F /* PosesTests */,
				FA8B53972398F2BA009E8E1F /* PosesUITests */,
			);
		};
/* End PBXProject section */

/* Begin PBXResourcesBuildPhase section */
		FA8B53722398F2B9009E8E1F /* Resources */ = {
			isa = PBXResourcesBuildPhase;
			buildActionMask = 2147483647;
			files = (
				FA8B53872398F2BA009E8E1F /* LaunchScreen.storyboard in Resources */,
				FAECA214239CEF340028AE3A /* Localizable.strings in Resources */,
				FA8B53842398F2BA009E8E1F /* Preview Assets.xcassets in Resources */,
				FA8B53812398F2BA009E8E1F /* Assets.xcassets in Resources */,
			);
			runOnlyForDeploymentPostprocessing = 0;
		};
		FA8B538B2398F2BA009E8E1F /* Resources */ = {
			isa = PBXResourcesBuildPhase;
			buildActionMask = 2147483647;
			files = (
			);
			runOnlyForDeploymentPostprocessing = 0;
		};
		FA8B53962398F2BA009E8E1F /* Resources */ = {
			isa = PBXResourcesBuildPhase;
			buildActionMask = 2147483647;
			files = (
			);
			runOnlyForDeploymentPostprocessing = 0;
		};
/* End PBXResourcesBuildPhase section */

/* Begin PBXShellScriptBuildPhase section */
		8C7AAF3C239A5C1A0065F035 /* SwiftLint */ = {
			isa = PBXShellScriptBuildPhase;
			buildActionMask = 2147483647;
			files = (
			);
			inputFileListPaths = (
			);
			inputPaths = (
			);
			name = SwiftLint;
			outputFileListPaths = (
			);
			outputPaths = (
			);
			runOnlyForDeploymentPostprocessing = 0;
			shellPath = /bin/sh;
			shellScript = "if [ -x \"$(command -v mint)\" ]; then\n  mint run swiftlint\nelse\n  echo \"error: SwiftLint not installed; 'mint install realm/SwiftLint' to install globally\"\n  return -1\nfi\n\n";
		};
		FAECA218239CF09E0028AE3A /* Generate R.generated.swift */ = {
			isa = PBXShellScriptBuildPhase;
			buildActionMask = 2147483647;
			files = (
			);
			inputFileListPaths = (
			);
			inputPaths = (
				"$TEMP_DIR/rswift-lastrun",
			);
			name = "Generate R.generated.swift";
			outputFileListPaths = (
			);
			outputPaths = (
				"${SRCROOT}/Poses/resources/R.generated.swift",
			);
			runOnlyForDeploymentPostprocessing = 0;
			shellPath = /bin/sh;
			shellScript = "if mint list | grep -q 'R.swift'; then\n  mint run R.swift rswift generate \"${SRCROOT}/Poses/resources/R.generated.swift\"\nelse\n  echo \"error: R.swift not installed; 'mint bootstrap' to install\"\n  return -1\nfi\n";
		};
/* End PBXShellScriptBuildPhase section */

/* Begin PBXSourcesBuildPhase section */
		FA8B53702398F2B9009E8E1F /* Sources */ = {
			isa = PBXSourcesBuildPhase;
			buildActionMask = 2147483647;
			files = (
				8CA9CBB0239DDE5700213558 /* AppDelegate.swift in Sources */,
				8CA9CBAE239DD70200213558 /* Array+Type.swift in Sources */,
				8CA9CDB6239DE19100213558 /* LaunchHandler.swift in Sources */,
				FAECA21A239CF1900028AE3A /* R.generated.swift in Sources */,
				FA8B537A2398F2B9009E8E1F /* SceneDelegate.swift in Sources */,
				8CA9CDBC239DE4B300213558 /* LoggingService.swift in Sources */,
				FAD49969239BA8000030CB8E /* ProcessInfo+Launch.swift in Sources */,
				8CA9CDC7239DE6BA00213558 /* UserDefaults+TypeSafety.swift in Sources */,
				8CA9CDC3239DE5F900213558 /* Withable.swift in Sources */,
				8CA9CDBF239DE58400213558 /* Date+Formatting.swift in Sources */,
				FA8B537F2398F2B9009E8E1F /* ContentView.swift in Sources */,
				FAD49966239BA7640030CB8E /* UIApplication+Environment.swift in Sources */,
				FA8B537D2398F2B9009E8E1F /* Poses.xcdatamodeld in Sources */,
				FAECA21E239CF8F80028AE3A /* String+Formatting.swift in Sources */,
				8CA9CBA7239DD55400213558 /* RoutingAppDelegate.swift in Sources */,
			);
			runOnlyForDeploymentPostprocessing = 0;
		};
		FA8B53892398F2BA009E8E1F /* Sources */ = {
			isa = PBXSourcesBuildPhase;
			buildActionMask = 2147483647;
			files = (
				8CA9CDCB239DEC4600213558 /* String+Assert.swift in Sources */,
				8CA9CDC9239DE6C400213558 /* UserDefaultsTests.swift in Sources */,
				8CA9CBB1239DDE6500213558 /* RoutingAppDelegateTests.swift in Sources */,
				8CA9CDBD239DE4B700213558 /* AppDelegateTests.swift in Sources */,
				8CA9CBB2239DDE6800213558 /* ArrayTests.swift in Sources */,
				8CA9CDC5239DE60000213558 /* WithableTests.swift in Sources */,
			);
			runOnlyForDeploymentPostprocessing = 0;
		};
		FA8B53942398F2BA009E8E1F /* Sources */ = {
			isa = PBXSourcesBuildPhase;
			buildActionMask = 2147483647;
			files = (
				FAD4996A239BA8000030CB8E /* ProcessInfo+Launch.swift in Sources */,
				FAD4996D239BA90A0030CB8E /* XCTestCase+Launch.swift in Sources */,
				FA8B539D2398F2BA009E8E1F /* PosesUITests.swift in Sources */,
				FAECA220239CFD8A0028AE3A /* SnapshotHelper.swift in Sources */,
				FAECA222239D004E0028AE3A /* AppStoreSnapshotTests.swift in Sources */,
			);
			runOnlyForDeploymentPostprocessing = 0;
		};
/* End PBXSourcesBuildPhase section */

/* Begin PBXTargetDependency section */
		FA8B538F2398F2BA009E8E1F /* PBXTargetDependency */ = {
			isa = PBXTargetDependency;
			target = FA8B53732398F2B9009E8E1F /* Poses */;
			targetProxy = FA8B538E2398F2BA009E8E1F /* PBXContainerItemProxy */;
		};
		FA8B539A2398F2BA009E8E1F /* PBXTargetDependency */ = {
			isa = PBXTargetDependency;
			target = FA8B53732398F2B9009E8E1F /* Poses */;
			targetProxy = FA8B53992398F2BA009E8E1F /* PBXContainerItemProxy */;
		};
/* End PBXTargetDependency section */

/* Begin PBXVariantGroup section */
		FA8B53852398F2BA009E8E1F /* LaunchScreen.storyboard */ = {
			isa = PBXVariantGroup;
			children = (
				FA8B53862398F2BA009E8E1F /* Base */,
			);
			name = LaunchScreen.storyboard;
			sourceTree = "<group>";
		};
		FAECA212239CEF340028AE3A /* Localizable.strings */ = {
			isa = PBXVariantGroup;
			children = (
				FAECA213239CEF340028AE3A /* Base */,
			);
			name = Localizable.strings;
			sourceTree = "<group>";
		};
/* End PBXVariantGroup section */

/* Begin XCBuildConfiguration section */
		FA8B539F2398F2BA009E8E1F /* Debug */ = {
			isa = XCBuildConfiguration;
			baseConfigurationReference = FAD4997D239C4B070030CB8E /* Project-Debug.xcconfig */;
			buildSettings = {
			};
			name = Debug;
		};
		FA8B53A02398F2BA009E8E1F /* Release */ = {
			isa = XCBuildConfiguration;
			baseConfigurationReference = FAD49975239C4B070030CB8E /* Project-Release.xcconfig */;
			buildSettings = {
			};
			name = Release;
		};
		FA8B53A22398F2BA009E8E1F /* Debug */ = {
			isa = XCBuildConfiguration;
			baseConfigurationReference = FAD4997A239C4B070030CB8E /* Poses-Debug.xcconfig */;
			buildSettings = {
				CURRENT_PROJECT_VERSION = 65;
				MARKETING_VERSION = 3.0;
			};
			name = Debug;
		};
		FA8B53A32398F2BA009E8E1F /* Release */ = {
			isa = XCBuildConfiguration;
			baseConfigurationReference = FAD4997B239C4B070030CB8E /* Poses-Release.xcconfig */;
			buildSettings = {
				CURRENT_PROJECT_VERSION = 65;
				MARKETING_VERSION = 3.0;
			};
			name = Release;
		};
		FA8B53A52398F2BA009E8E1F /* Debug */ = {
			isa = XCBuildConfiguration;
			baseConfigurationReference = FAD49978239C4B070030CB8E /* PosesTests-Debug.xcconfig */;
			buildSettings = {
			};
			name = Debug;
		};
		FA8B53A62398F2BA009E8E1F /* Release */ = {
			isa = XCBuildConfiguration;
			baseConfigurationReference = FAD49979239C4B070030CB8E /* PosesTests-Release.xcconfig */;
			buildSettings = {
			};
			name = Release;
		};
		FA8B53A82398F2BA009E8E1F /* Debug */ = {
			isa = XCBuildConfiguration;
			baseConfigurationReference = FAD49973239C4B070030CB8E /* PosesUITests-Debug.xcconfig */;
			buildSettings = {
			};
			name = Debug;
		};
		FA8B53A92398F2BA009E8E1F /* Release */ = {
			isa = XCBuildConfiguration;
			baseConfigurationReference = FAD4997C239C4B070030CB8E /* PosesUITests-Release.xcconfig */;
			buildSettings = {
			};
			name = Release;
		};
/* End XCBuildConfiguration section */

/* Begin XCConfigurationList section */
		FA8B536F2398F2B9009E8E1F /* Build configuration list for PBXProject "Poses" */ = {
			isa = XCConfigurationList;
			buildConfigurations = (
				FA8B539F2398F2BA009E8E1F /* Debug */,
				FA8B53A02398F2BA009E8E1F /* Release */,
			);
			defaultConfigurationIsVisible = 0;
			defaultConfigurationName = Release;
		};
		FA8B53A12398F2BA009E8E1F /* Build configuration list for PBXNativeTarget "Poses" */ = {
			isa = XCConfigurationList;
			buildConfigurations = (
				FA8B53A22398F2BA009E8E1F /* Debug */,
				FA8B53A32398F2BA009E8E1F /* Release */,
			);
			defaultConfigurationIsVisible = 0;
			defaultConfigurationName = Release;
		};
		FA8B53A42398F2BA009E8E1F /* Build configuration list for PBXNativeTarget "PosesTests" */ = {
			isa = XCConfigurationList;
			buildConfigurations = (
				FA8B53A52398F2BA009E8E1F /* Debug */,
				FA8B53A62398F2BA009E8E1F /* Release */,
			);
			defaultConfigurationIsVisible = 0;
			defaultConfigurationName = Release;
		};
		FA8B53A72398F2BA009E8E1F /* Build configuration list for PBXNativeTarget "PosesUITests" */ = {
			isa = XCConfigurationList;
			buildConfigurations = (
				FA8B53A82398F2BA009E8E1F /* Debug */,
				FA8B53A92398F2BA009E8E1F /* Release */,
			);
			defaultConfigurationIsVisible = 0;
			defaultConfigurationName = Release;
		};
/* End XCConfigurationList section */

/* Begin XCRemoteSwiftPackageReference section */
		FAD49961239BA4340030CB8E /* XCRemoteSwiftPackageReference "SwiftyBeaver" */ = {
			isa = XCRemoteSwiftPackageReference;
			repositoryURL = "https://github.com/SwiftyBeaver/SwiftyBeaver.git";
			requirement = {
				kind = upToNextMajorVersion;
				minimumVersion = 1.8.4;
			};
		};
		FAECA215239CF07A0028AE3A /* XCRemoteSwiftPackageReference "R.swift" */ = {
			isa = XCRemoteSwiftPackageReference;
			repositoryURL = "https://github.com/mac-cain13/R.swift.Library";
			requirement = {
				kind = upToNextMajorVersion;
				minimumVersion = 5.1.0;
			};
		};
/* End XCRemoteSwiftPackageReference section */

/* Begin XCSwiftPackageProductDependency section */
		FAD49962239BA4340030CB8E /* SwiftyBeaver */ = {
			isa = XCSwiftPackageProductDependency;
			package = FAD49961239BA4340030CB8E /* XCRemoteSwiftPackageReference "SwiftyBeaver" */;
			productName = SwiftyBeaver;
		};
		FAECA216239CF07A0028AE3A /* Rswift */ = {
			isa = XCSwiftPackageProductDependency;
			package = FAECA215239CF07A0028AE3A /* XCRemoteSwiftPackageReference "R.swift" */;
			productName = Rswift;
		};
/* End XCSwiftPackageProductDependency section */

/* Begin XCVersionGroup section */
		FA8B537B2398F2B9009E8E1F /* Poses.xcdatamodeld */ = {
			isa = XCVersionGroup;
			children = (
				FA8B537C2398F2B9009E8E1F /* Poses.xcdatamodel */,
			);
			currentVersion = FA8B537C2398F2B9009E8E1F /* Poses.xcdatamodel */;
			path = Poses.xcdatamodeld;
			sourceTree = "<group>";
			versionGroupType = wrapper.xcdatamodel;
		};
/* End XCVersionGroup section */
	};
	rootObject = FA8B536C2398F2B9009E8E1F /* Project object */;
}
