// !$*UTF8*$!
{
	archiveVersion = 1;
	classes = {
	};
	objectVersion = 52;
	objects = {

/* Begin PBXBuildFile section */
		FA8B53782398F2B9009E8E1F /* AppDelegate.swift in Sources */ = {isa = PBXBuildFile; fileRef = FA8B53772398F2B9009E8E1F /* AppDelegate.swift */; };
		FA8B537A2398F2B9009E8E1F /* SceneDelegate.swift in Sources */ = {isa = PBXBuildFile; fileRef = FA8B53792398F2B9009E8E1F /* SceneDelegate.swift */; };
		FA8B537D2398F2B9009E8E1F /* Poses.xcdatamodeld in Sources */ = {isa = PBXBuildFile; fileRef = FA8B537B2398F2B9009E8E1F /* Poses.xcdatamodeld */; };
		FA8B537F2398F2B9009E8E1F /* ContentView.swift in Sources */ = {isa = PBXBuildFile; fileRef = FA8B537E2398F2B9009E8E1F /* ContentView.swift */; };
		FA8B53812398F2BA009E8E1F /* Assets.xcassets in Resources */ = {isa = PBXBuildFile; fileRef = FA8B53802398F2BA009E8E1F /* Assets.xcassets */; };
		FA8B53842398F2BA009E8E1F /* Preview Assets.xcassets in Resources */ = {isa = PBXBuildFile; fileRef = FA8B53832398F2BA009E8E1F /* Preview Assets.xcassets */; };
		FA8B53872398F2BA009E8E1F /* LaunchScreen.storyboard in Resources */ = {isa = PBXBuildFile; fileRef = FA8B53852398F2BA009E8E1F /* LaunchScreen.storyboard */; };
		FA8B53922398F2BA009E8E1F /* PosesTests.swift in Sources */ = {isa = PBXBuildFile; fileRef = FA8B53912398F2BA009E8E1F /* PosesTests.swift */; };
		FA8B539D2398F2BA009E8E1F /* PosesUITests.swift in Sources */ = {isa = PBXBuildFile; fileRef = FA8B539C2398F2BA009E8E1F /* PosesUITests.swift */; };
/* End PBXBuildFile section */

/* Begin PBXContainerItemProxy section */
		FA8B538E2398F2BA009E8E1F /* PBXContainerItemProxy */ = {
			isa = PBXContainerItemProxy;
			containerPortal = FA8B536C2398F2B9009E8E1F /* Project object */;
			proxyType = 1;
			remoteGlobalIDString = FA8B53732398F2B9009E8E1F;
			remoteInfo = poses;
		};
		FA8B53992398F2BA009E8E1F /* PBXContainerItemProxy */ = {
			isa = PBXContainerItemProxy;
			containerPortal = FA8B536C2398F2B9009E8E1F /* Project object */;
			proxyType = 1;
			remoteGlobalIDString = FA8B53732398F2B9009E8E1F;
			remoteInfo = poses;
		};
/* End PBXContainerItemProxy section */

/* Begin PBXFileReference section */
		8C7AAF2F239A10520065F035 /* IDETemplateMacros.plist */ = {isa = PBXFileReference; lastKnownFileType = text.plist.xml; name = IDETemplateMacros.plist; path = Poses.xcodeproj/xcshareddata/IDETemplateMacros.plist; sourceTree = "<group>"; };
		8C7AAF30239A11820065F035 /* .github */ = {isa = PBXFileReference; lastKnownFileType = folder; path = .github; sourceTree = "<group>"; };
		8C7AAF31239A119E0065F035 /* README.md */ = {isa = PBXFileReference; lastKnownFileType = net.daringfireball.markdown; path = README.md; sourceTree = "<group>"; };
		8C7AAF32239A119E0065F035 /* CHANGELOG.md */ = {isa = PBXFileReference; lastKnownFileType = net.daringfireball.markdown; path = CHANGELOG.md; sourceTree = "<group>"; };
		8C7AAF33239A119E0065F035 /* LICENSE.md */ = {isa = PBXFileReference; lastKnownFileType = net.daringfireball.markdown; path = LICENSE.md; sourceTree = "<group>"; };
		8C7AAF36239A53600065F035 /* codecov.yml */ = {isa = PBXFileReference; lastKnownFileType = text.yaml; path = codecov.yml; sourceTree = "<group>"; };
		8C7AAF37239A55010065F035 /* .codebeatsettings */ = {isa = PBXFileReference; lastKnownFileType = text; path = .codebeatsettings; sourceTree = "<group>"; };
		8C7AAF38239A55010065F035 /* .codebeatignore */ = {isa = PBXFileReference; lastKnownFileType = text; path = .codebeatignore; sourceTree = "<group>"; };
		8C7AAF39239A58100065F035 /* Mintfile */ = {isa = PBXFileReference; lastKnownFileType = text; path = Mintfile; sourceTree = "<group>"; };
		8C7AAF3A239A5AF00065F035 /* .gitignore */ = {isa = PBXFileReference; lastKnownFileType = text; path = .gitignore; sourceTree = "<group>"; };
		8C7AAF3B239A5B600065F035 /* .swiftlint.yml */ = {isa = PBXFileReference; lastKnownFileType = text.yaml; path = .swiftlint.yml; sourceTree = "<group>"; };
		FA8B53742398F2B9009E8E1F /* Poses Pro.app */ = {isa = PBXFileReference; explicitFileType = wrapper.application; includeInIndex = 0; path = "Poses Pro.app"; sourceTree = BUILT_PRODUCTS_DIR; };
		FA8B53772398F2B9009E8E1F /* AppDelegate.swift */ = {isa = PBXFileReference; lastKnownFileType = sourcecode.swift; path = AppDelegate.swift; sourceTree = "<group>"; };
		FA8B53792398F2B9009E8E1F /* SceneDelegate.swift */ = {isa = PBXFileReference; lastKnownFileType = sourcecode.swift; path = SceneDelegate.swift; sourceTree = "<group>"; };
		FA8B537C2398F2B9009E8E1F /* Poses.xcdatamodel */ = {isa = PBXFileReference; lastKnownFileType = wrapper.xcdatamodel; path = Poses.xcdatamodel; sourceTree = "<group>"; };
		FA8B537E2398F2B9009E8E1F /* ContentView.swift */ = {isa = PBXFileReference; lastKnownFileType = sourcecode.swift; path = ContentView.swift; sourceTree = "<group>"; };
		FA8B53802398F2BA009E8E1F /* Assets.xcassets */ = {isa = PBXFileReference; lastKnownFileType = folder.assetcatalog; path = Assets.xcassets; sourceTree = "<group>"; };
		FA8B53832398F2BA009E8E1F /* Preview Assets.xcassets */ = {isa = PBXFileReference; lastKnownFileType = folder.assetcatalog; path = "Preview Assets.xcassets"; sourceTree = "<group>"; };
		FA8B53862398F2BA009E8E1F /* Base */ = {isa = PBXFileReference; lastKnownFileType = file.storyboard; name = Base; path = Base.lproj/LaunchScreen.storyboard; sourceTree = "<group>"; };
		FA8B53882398F2BA009E8E1F /* Info.plist */ = {isa = PBXFileReference; lastKnownFileType = text.plist.xml; path = Info.plist; sourceTree = "<group>"; };
		FA8B538D2398F2BA009E8E1F /* PosesTests.xctest */ = {isa = PBXFileReference; explicitFileType = wrapper.cfbundle; includeInIndex = 0; path = PosesTests.xctest; sourceTree = BUILT_PRODUCTS_DIR; };
		FA8B53912398F2BA009E8E1F /* PosesTests.swift */ = {isa = PBXFileReference; lastKnownFileType = sourcecode.swift; path = PosesTests.swift; sourceTree = "<group>"; };
		FA8B53932398F2BA009E8E1F /* Info.plist */ = {isa = PBXFileReference; lastKnownFileType = text.plist.xml; path = Info.plist; sourceTree = "<group>"; };
		FA8B53982398F2BA009E8E1F /* PosesUITests.xctest */ = {isa = PBXFileReference; explicitFileType = wrapper.cfbundle; includeInIndex = 0; path = PosesUITests.xctest; sourceTree = BUILT_PRODUCTS_DIR; };
		FA8B539C2398F2BA009E8E1F /* PosesUITests.swift */ = {isa = PBXFileReference; lastKnownFileType = sourcecode.swift; path = PosesUITests.swift; sourceTree = "<group>"; };
		FA8B539E2398F2BA009E8E1F /* Info.plist */ = {isa = PBXFileReference; lastKnownFileType = text.plist.xml; path = Info.plist; sourceTree = "<group>"; };
/* End PBXFileReference section */

/* Begin PBXFrameworksBuildPhase section */
		FA8B53712398F2B9009E8E1F /* Frameworks */ = {
			isa = PBXFrameworksBuildPhase;
			buildActionMask = 2147483647;
			files = (
			);
			runOnlyForDeploymentPostprocessing = 0;
		};
		FA8B538A2398F2BA009E8E1F /* Frameworks */ = {
			isa = PBXFrameworksBuildPhase;
			buildActionMask = 2147483647;
			files = (
			);
			runOnlyForDeploymentPostprocessing = 0;
		};
		FA8B53952398F2BA009E8E1F /* Frameworks */ = {
			isa = PBXFrameworksBuildPhase;
			buildActionMask = 2147483647;
			files = (
			);
			runOnlyForDeploymentPostprocessing = 0;
		};
/* End PBXFrameworksBuildPhase section */

/* Begin PBXGroup section */
		8C7AAF2C2399F2730065F035 /* application */ = {
			isa = PBXGroup;
			children = (
				FA8B53772398F2B9009E8E1F /* AppDelegate.swift */,
				FA8B53792398F2B9009E8E1F /* SceneDelegate.swift */,
				FA8B537E2398F2B9009E8E1F /* ContentView.swift */,
			);
			path = application;
			sourceTree = "<group>";
		};
		8C7AAF2D2399F2840065F035 /* resources */ = {
			isa = PBXGroup;
			children = (
				FA8B53802398F2BA009E8E1F /* Assets.xcassets */,
				FA8B53852398F2BA009E8E1F /* LaunchScreen.storyboard */,
				FA8B53882398F2BA009E8E1F /* Info.plist */,
				FA8B537B2398F2B9009E8E1F /* Poses.xcdatamodeld */,
				FA8B53822398F2BA009E8E1F /* Preview Content */,
			);
			path = resources;
			sourceTree = "<group>";
		};
		8C7AAF2E239A0FCA0065F035 /* metadata */ = {
			isa = PBXGroup;
			children = (
				8C7AAF38239A55010065F035 /* .codebeatignore */,
				8C7AAF37239A55010065F035 /* .codebeatsettings */,
				8C7AAF30239A11820065F035 /* .github */,
				8C7AAF3A239A5AF00065F035 /* .gitignore */,
				8C7AAF3B239A5B600065F035 /* .swiftlint.yml */,
				8C7AAF32239A119E0065F035 /* CHANGELOG.md */,
				8C7AAF36239A53600065F035 /* codecov.yml */,
				8C7AAF2F239A10520065F035 /* IDETemplateMacros.plist */,
				8C7AAF33239A119E0065F035 /* LICENSE.md */,
				8C7AAF39239A58100065F035 /* Mintfile */,
				8C7AAF31239A119E0065F035 /* README.md */,
			);
			name = metadata;
			sourceTree = "<group>";
		};
		FA8B536B2398F2B9009E8E1F = {
			isa = PBXGroup;
			children = (
				FA8B53762398F2B9009E8E1F /* Poses */,
				8C7AAF2E239A0FCA0065F035 /* metadata */,
				FA8B53902398F2BA009E8E1F /* PosesTests */,
				FA8B539B2398F2BA009E8E1F /* PosesUITests */,
				FA8B53752398F2B9009E8E1F /* Products */,
			);
			sourceTree = "<group>";
		};
		FA8B53752398F2B9009E8E1F /* Products */ = {
			isa = PBXGroup;
			children = (
				FA8B53742398F2B9009E8E1F /* Poses Pro.app */,
				FA8B538D2398F2BA009E8E1F /* PosesTests.xctest */,
				FA8B53982398F2BA009E8E1F /* PosesUITests.xctest */,
			);
			name = Products;
			sourceTree = "<group>";
		};
		FA8B53762398F2B9009E8E1F /* Poses */ = {
			isa = PBXGroup;
			children = (
				8C7AAF2C2399F2730065F035 /* application */,
				8C7AAF2D2399F2840065F035 /* resources */,
			);
			path = Poses;
			sourceTree = "<group>";
		};
		FA8B53822398F2BA009E8E1F /* Preview Content */ = {
			isa = PBXGroup;
			children = (
				FA8B53832398F2BA009E8E1F /* Preview Assets.xcassets */,
			);
			path = "Preview Content";
			sourceTree = "<group>";
		};
		FA8B53902398F2BA009E8E1F /* PosesTests */ = {
			isa = PBXGroup;
			children = (
				FA8B53912398F2BA009E8E1F /* PosesTests.swift */,
				FA8B53932398F2BA009E8E1F /* Info.plist */,
			);
			path = PosesTests;
			sourceTree = "<group>";
		};
		FA8B539B2398F2BA009E8E1F /* PosesUITests */ = {
			isa = PBXGroup;
			children = (
				FA8B539C2398F2BA009E8E1F /* PosesUITests.swift */,
				FA8B539E2398F2BA009E8E1F /* Info.plist */,
			);
			path = PosesUITests;
			sourceTree = "<group>";
		};
/* End PBXGroup section */

/* Begin PBXNativeTarget section */
		FA8B53732398F2B9009E8E1F /* Poses */ = {
			isa = PBXNativeTarget;
			buildConfigurationList = FA8B53A12398F2BA009E8E1F /* Build configuration list for PBXNativeTarget "Poses" */;
			buildPhases = (
				FA8B53702398F2B9009E8E1F /* Sources */,
				FA8B53712398F2B9009E8E1F /* Frameworks */,
				8C7AAF3C239A5C1A0065F035 /* SwiftLint */,
				FA8B53722398F2B9009E8E1F /* Resources */,
			);
			buildRules = (
			);
			dependencies = (
			);
			name = Poses;
			productName = poses;
			productReference = FA8B53742398F2B9009E8E1F /* Poses Pro.app */;
			productType = "com.apple.product-type.application";
		};
		FA8B538C2398F2BA009E8E1F /* PosesTests */ = {
			isa = PBXNativeTarget;
			buildConfigurationList = FA8B53A42398F2BA009E8E1F /* Build configuration list for PBXNativeTarget "PosesTests" */;
			buildPhases = (
				FA8B53892398F2BA009E8E1F /* Sources */,
				FA8B538A2398F2BA009E8E1F /* Frameworks */,
				FA8B538B2398F2BA009E8E1F /* Resources */,
			);
			buildRules = (
			);
			dependencies = (
				FA8B538F2398F2BA009E8E1F /* PBXTargetDependency */,
			);
			name = PosesTests;
			productName = posesTests;
			productReference = FA8B538D2398F2BA009E8E1F /* PosesTests.xctest */;
			productType = "com.apple.product-type.bundle.unit-test";
		};
		FA8B53972398F2BA009E8E1F /* PosesUITests */ = {
			isa = PBXNativeTarget;
			buildConfigurationList = FA8B53A72398F2BA009E8E1F /* Build configuration list for PBXNativeTarget "PosesUITests" */;
			buildPhases = (
				FA8B53942398F2BA009E8E1F /* Sources */,
				FA8B53952398F2BA009E8E1F /* Frameworks */,
				FA8B53962398F2BA009E8E1F /* Resources */,
			);
			buildRules = (
			);
			dependencies = (
				FA8B539A2398F2BA009E8E1F /* PBXTargetDependency */,
			);
			name = PosesUITests;
			productName = posesUITests;
			productReference = FA8B53982398F2BA009E8E1F /* PosesUITests.xctest */;
			productType = "com.apple.product-type.bundle.ui-testing";
		};
/* End PBXNativeTarget section */

/* Begin PBXProject section */
		FA8B536C2398F2B9009E8E1F /* Project object */ = {
			isa = PBXProject;
			attributes = {
				LastSwiftUpdateCheck = 1120;
				LastUpgradeCheck = 1120;
				ORGANIZATIONNAME = "Trollwerks Inc.";
				TargetAttributes = {
					FA8B53732398F2B9009E8E1F = {
						CreatedOnToolsVersion = 11.2.1;
					};
					FA8B538C2398F2BA009E8E1F = {
						CreatedOnToolsVersion = 11.2.1;
						TestTargetID = FA8B53732398F2B9009E8E1F;
					};
					FA8B53972398F2BA009E8E1F = {
						CreatedOnToolsVersion = 11.2.1;
						TestTargetID = FA8B53732398F2B9009E8E1F;
					};
				};
			};
			buildConfigurationList = FA8B536F2398F2B9009E8E1F /* Build configuration list for PBXProject "Poses" */;
			compatibilityVersion = "Xcode 11.0";
			developmentRegion = en;
			hasScannedForEncodings = 0;
			knownRegions = (
				en,
				Base,
			);
			mainGroup = FA8B536B2398F2B9009E8E1F;
			productRefGroup = FA8B53752398F2B9009E8E1F /* Products */;
			projectDirPath = "";
			projectRoot = "";
			targets = (
				FA8B53732398F2B9009E8E1F /* Poses */,
				FA8B538C2398F2BA009E8E1F /* PosesTests */,
				FA8B53972398F2BA009E8E1F /* PosesUITests */,
			);
		};
/* End PBXProject section */

/* Begin PBXResourcesBuildPhase section */
		FA8B53722398F2B9009E8E1F /* Resources */ = {
			isa = PBXResourcesBuildPhase;
			buildActionMask = 2147483647;
			files = (
				FA8B53872398F2BA009E8E1F /* LaunchScreen.storyboard in Resources */,
				FA8B53842398F2BA009E8E1F /* Preview Assets.xcassets in Resources */,
				FA8B53812398F2BA009E8E1F /* Assets.xcassets in Resources */,
			);
			runOnlyForDeploymentPostprocessing = 0;
		};
		FA8B538B2398F2BA009E8E1F /* Resources */ = {
			isa = PBXResourcesBuildPhase;
			buildActionMask = 2147483647;
			files = (
			);
			runOnlyForDeploymentPostprocessing = 0;
		};
		FA8B53962398F2BA009E8E1F /* Resources */ = {
			isa = PBXResourcesBuildPhase;
			buildActionMask = 2147483647;
			files = (
			);
			runOnlyForDeploymentPostprocessing = 0;
		};
/* End PBXResourcesBuildPhase section */

/* Begin PBXShellScriptBuildPhase section */
		8C7AAF3C239A5C1A0065F035 /* SwiftLint */ = {
			isa = PBXShellScriptBuildPhase;
			buildActionMask = 2147483647;
			files = (
			);
			inputFileListPaths = (
			);
			inputPaths = (
			);
			name = SwiftLint;
			outputFileListPaths = (
			);
			outputPaths = (
			);
			runOnlyForDeploymentPostprocessing = 0;
			shellPath = /bin/sh;
			shellScript = "if [ -x \"$(command -v mint)\" ]; then\n  mint run swiftlint\nelse\n  echo \"error: SwiftLint not installed; 'mint install realm/SwiftLint' to install globally\"\n  return -1\nfi\n\n";
		};
/* End PBXShellScriptBuildPhase section */

/* Begin PBXSourcesBuildPhase section */
		FA8B53702398F2B9009E8E1F /* Sources */ = {
			isa = PBXSourcesBuildPhase;
			buildActionMask = 2147483647;
			files = (
				FA8B53782398F2B9009E8E1F /* AppDelegate.swift in Sources */,
				FA8B537A2398F2B9009E8E1F /* SceneDelegate.swift in Sources */,
				FA8B537F2398F2B9009E8E1F /* ContentView.swift in Sources */,
				FA8B537D2398F2B9009E8E1F /* Poses.xcdatamodeld in Sources */,
			);
			runOnlyForDeploymentPostprocessing = 0;
		};
		FA8B53892398F2BA009E8E1F /* Sources */ = {
			isa = PBXSourcesBuildPhase;
			buildActionMask = 2147483647;
			files = (
				FA8B53922398F2BA009E8E1F /* PosesTests.swift in Sources */,
			);
			runOnlyForDeploymentPostprocessing = 0;
		};
		FA8B53942398F2BA009E8E1F /* Sources */ = {
			isa = PBXSourcesBuildPhase;
			buildActionMask = 2147483647;
			files = (
				FA8B539D2398F2BA009E8E1F /* PosesUITests.swift in Sources */,
			);
			runOnlyForDeploymentPostprocessing = 0;
		};
/* End PBXSourcesBuildPhase section */

/* Begin PBXTargetDependency section */
		FA8B538F2398F2BA009E8E1F /* PBXTargetDependency */ = {
			isa = PBXTargetDependency;
			target = FA8B53732398F2B9009E8E1F /* Poses */;
			targetProxy = FA8B538E2398F2BA009E8E1F /* PBXContainerItemProxy */;
		};
		FA8B539A2398F2BA009E8E1F /* PBXTargetDependency */ = {
			isa = PBXTargetDependency;
			target = FA8B53732398F2B9009E8E1F /* Poses */;
			targetProxy = FA8B53992398F2BA009E8E1F /* PBXContainerItemProxy */;
		};
/* End PBXTargetDependency section */

/* Begin PBXVariantGroup section */
		FA8B53852398F2BA009E8E1F /* LaunchScreen.storyboard */ = {
			isa = PBXVariantGroup;
			children = (
				FA8B53862398F2BA009E8E1F /* Base */,
			);
			name = LaunchScreen.storyboard;
			sourceTree = "<group>";
		};
/* End PBXVariantGroup section */

/* Begin XCBuildConfiguration section */
		FA8B539F2398F2BA009E8E1F /* Debug */ = {
			isa = XCBuildConfiguration;
			buildSettings = {
				ALWAYS_SEARCH_USER_PATHS = NO;
				CLANG_ANALYZER_NONNULL = YES;
				CLANG_ANALYZER_NUMBER_OBJECT_CONVERSION = YES_AGGRESSIVE;
				CLANG_CXX_LANGUAGE_STANDARD = "gnu++14";
				CLANG_CXX_LIBRARY = "libc++";
				CLANG_ENABLE_MODULES = YES;
				CLANG_ENABLE_OBJC_ARC = YES;
				CLANG_ENABLE_OBJC_WEAK = YES;
				CLANG_WARN_BLOCK_CAPTURE_AUTORELEASING = YES;
				CLANG_WARN_BOOL_CONVERSION = YES;
				CLANG_WARN_COMMA = YES;
				CLANG_WARN_CONSTANT_CONVERSION = YES;
				CLANG_WARN_DEPRECATED_OBJC_IMPLEMENTATIONS = YES;
				CLANG_WARN_DIRECT_OBJC_ISA_USAGE = YES_ERROR;
				CLANG_WARN_DOCUMENTATION_COMMENTS = YES;
				CLANG_WARN_EMPTY_BODY = YES;
				CLANG_WARN_ENUM_CONVERSION = YES;
				CLANG_WARN_INFINITE_RECURSION = YES;
				CLANG_WARN_INT_CONVERSION = YES;
				CLANG_WARN_NON_LITERAL_NULL_CONVERSION = YES;
				CLANG_WARN_OBJC_IMPLICIT_RETAIN_SELF = YES;
				CLANG_WARN_OBJC_LITERAL_CONVERSION = YES;
				CLANG_WARN_OBJC_ROOT_CLASS = YES_ERROR;
				CLANG_WARN_RANGE_LOOP_ANALYSIS = YES;
				CLANG_WARN_STRICT_PROTOTYPES = YES;
				CLANG_WARN_SUSPICIOUS_MOVE = YES;
				CLANG_WARN_UNGUARDED_AVAILABILITY = YES_AGGRESSIVE;
				CLANG_WARN_UNREACHABLE_CODE = YES;
				CLANG_WARN__DUPLICATE_METHOD_MATCH = YES;
				COPY_PHASE_STRIP = NO;
				DEBUG_INFORMATION_FORMAT = dwarf;
				ENABLE_STRICT_OBJC_MSGSEND = YES;
				ENABLE_TESTABILITY = YES;
				GCC_C_LANGUAGE_STANDARD = gnu11;
				GCC_DYNAMIC_NO_PIC = NO;
				GCC_NO_COMMON_BLOCKS = YES;
				GCC_OPTIMIZATION_LEVEL = 0;
				GCC_PREPROCESSOR_DEFINITIONS = (
					"DEBUG=1",
					"$(inherited)",
				);
				GCC_WARN_64_TO_32_BIT_CONVERSION = YES;
				GCC_WARN_ABOUT_RETURN_TYPE = YES_ERROR;
				GCC_WARN_UNDECLARED_SELECTOR = YES;
				GCC_WARN_UNINITIALIZED_AUTOS = YES_AGGRESSIVE;
				GCC_WARN_UNUSED_FUNCTION = YES;
				GCC_WARN_UNUSED_VARIABLE = YES;
				IPHONEOS_DEPLOYMENT_TARGET = 13.0;
				MTL_ENABLE_DEBUG_INFO = INCLUDE_SOURCE;
				MTL_FAST_MATH = YES;
				ONLY_ACTIVE_ARCH = YES;
				SDKROOT = iphoneos;
				SWIFT_ACTIVE_COMPILATION_CONDITIONS = DEBUG;
				SWIFT_OPTIMIZATION_LEVEL = "-Onone";
			};
			name = Debug;
		};
		FA8B53A02398F2BA009E8E1F /* Release */ = {
			isa = XCBuildConfiguration;
			buildSettings = {
				ALWAYS_SEARCH_USER_PATHS = NO;
				CLANG_ANALYZER_NONNULL = YES;
				CLANG_ANALYZER_NUMBER_OBJECT_CONVERSION = YES_AGGRESSIVE;
				CLANG_CXX_LANGUAGE_STANDARD = "gnu++14";
				CLANG_CXX_LIBRARY = "libc++";
				CLANG_ENABLE_MODULES = YES;
				CLANG_ENABLE_OBJC_ARC = YES;
				CLANG_ENABLE_OBJC_WEAK = YES;
				CLANG_WARN_BLOCK_CAPTURE_AUTORELEASING = YES;
				CLANG_WARN_BOOL_CONVERSION = YES;
				CLANG_WARN_COMMA = YES;
				CLANG_WARN_CONSTANT_CONVERSION = YES;
				CLANG_WARN_DEPRECATED_OBJC_IMPLEMENTATIONS = YES;
				CLANG_WARN_DIRECT_OBJC_ISA_USAGE = YES_ERROR;
				CLANG_WARN_DOCUMENTATION_COMMENTS = YES;
				CLANG_WARN_EMPTY_BODY = YES;
				CLANG_WARN_ENUM_CONVERSION = YES;
				CLANG_WARN_INFINITE_RECURSION = YES;
				CLANG_WARN_INT_CONVERSION = YES;
				CLANG_WARN_NON_LITERAL_NULL_CONVERSION = YES;
				CLANG_WARN_OBJC_IMPLICIT_RETAIN_SELF = YES;
				CLANG_WARN_OBJC_LITERAL_CONVERSION = YES;
				CLANG_WARN_OBJC_ROOT_CLASS = YES_ERROR;
				CLANG_WARN_RANGE_LOOP_ANALYSIS = YES;
				CLANG_WARN_STRICT_PROTOTYPES = YES;
				CLANG_WARN_SUSPICIOUS_MOVE = YES;
				CLANG_WARN_UNGUARDED_AVAILABILITY = YES_AGGRESSIVE;
				CLANG_WARN_UNREACHABLE_CODE = YES;
				CLANG_WARN__DUPLICATE_METHOD_MATCH = YES;
				COPY_PHASE_STRIP = NO;
				DEBUG_INFORMATION_FORMAT = "dwarf-with-dsym";
				ENABLE_NS_ASSERTIONS = NO;
				ENABLE_STRICT_OBJC_MSGSEND = YES;
				GCC_C_LANGUAGE_STANDARD = gnu11;
				GCC_NO_COMMON_BLOCKS = YES;
				GCC_WARN_64_TO_32_BIT_CONVERSION = YES;
				GCC_WARN_ABOUT_RETURN_TYPE = YES_ERROR;
				GCC_WARN_UNDECLARED_SELECTOR = YES;
				GCC_WARN_UNINITIALIZED_AUTOS = YES_AGGRESSIVE;
				GCC_WARN_UNUSED_FUNCTION = YES;
				GCC_WARN_UNUSED_VARIABLE = YES;
				IPHONEOS_DEPLOYMENT_TARGET = 13.0;
				MTL_ENABLE_DEBUG_INFO = NO;
				MTL_FAST_MATH = YES;
				SDKROOT = iphoneos;
				SWIFT_COMPILATION_MODE = wholemodule;
				SWIFT_OPTIMIZATION_LEVEL = "-O";
				VALIDATE_PRODUCT = YES;
			};
			name = Release;
		};
		FA8B53A22398F2BA009E8E1F /* Debug */ = {
			isa = XCBuildConfiguration;
			buildSettings = {
				ASSETCATALOG_COMPILER_APPICON_NAME = AppIcon;
				CODE_SIGN_STYLE = Automatic;
				CURRENT_PROJECT_VERSION = 65;
				DEVELOPMENT_ASSET_PATHS = "\"Poses/resources/Preview Content\"";
				DEVELOPMENT_TEAM = 556343DW3U;
				ENABLE_PREVIEWS = YES;
				INFOPLIST_FILE = Poses/resources/Info.plist;
				LD_RUNPATH_SEARCH_PATHS = (
					"$(inherited)",
					"@executable_path/Frameworks",
				);
				MARKETING_VERSION = 3.0;
				PRODUCT_BUNDLE_IDENTIFIER = com.trollwerks.posespro;
				PRODUCT_NAME = "Poses Pro";
				SWIFT_VERSION = 5.0;
				TARGETED_DEVICE_FAMILY = "1,2";
			};
			name = Debug;
		};
		FA8B53A32398F2BA009E8E1F /* Release */ = {
			isa = XCBuildConfiguration;
			buildSettings = {
				ASSETCATALOG_COMPILER_APPICON_NAME = AppIcon;
				CODE_SIGN_STYLE = Automatic;
				CURRENT_PROJECT_VERSION = 65;
				DEVELOPMENT_ASSET_PATHS = "\"Poses/resources/Preview Content\"";
				DEVELOPMENT_TEAM = 556343DW3U;
				ENABLE_PREVIEWS = YES;
				INFOPLIST_FILE = Poses/resources/Info.plist;
				LD_RUNPATH_SEARCH_PATHS = (
					"$(inherited)",
					"@executable_path/Frameworks",
				);
				MARKETING_VERSION = 3.0;
				PRODUCT_BUNDLE_IDENTIFIER = com.trollwerks.posespro;
				PRODUCT_NAME = "Poses Pro";
				SWIFT_VERSION = 5.0;
				TARGETED_DEVICE_FAMILY = "1,2";
			};
			name = Release;
		};
		FA8B53A52398F2BA009E8E1F /* Debug */ = {
			isa = XCBuildConfiguration;
			buildSettings = {
				ALWAYS_EMBED_SWIFT_STANDARD_LIBRARIES = YES;
				BUNDLE_LOADER = "$(TEST_HOST)";
				CODE_SIGN_STYLE = Automatic;
				DEVELOPMENT_TEAM = 556343DW3U;
				INFOPLIST_FILE = PosesTests/Info.plist;
				LD_RUNPATH_SEARCH_PATHS = (
					"$(inherited)",
					"@executable_path/Frameworks",
					"@loader_path/Frameworks",
				);
				PRODUCT_BUNDLE_IDENTIFIER = com.trollwerks.posesTests;
				PRODUCT_NAME = "$(TARGET_NAME)";
				SWIFT_VERSION = 5.0;
				TARGETED_DEVICE_FAMILY = "1,2";
				TEST_HOST = "$(BUILT_PRODUCTS_DIR)/Poses Pro.app/Poses Pro";
			};
			name = Debug;
		};
		FA8B53A62398F2BA009E8E1F /* Release */ = {
			isa = XCBuildConfiguration;
			buildSettings = {
				ALWAYS_EMBED_SWIFT_STANDARD_LIBRARIES = YES;
				BUNDLE_LOADER = "$(TEST_HOST)";
				CODE_SIGN_STYLE = Automatic;
				DEVELOPMENT_TEAM = 556343DW3U;
				INFOPLIST_FILE = PosesTests/Info.plist;
				LD_RUNPATH_SEARCH_PATHS = (
					"$(inherited)",
					"@executable_path/Frameworks",
					"@loader_path/Frameworks",
				);
				PRODUCT_BUNDLE_IDENTIFIER = com.trollwerks.posesTests;
				PRODUCT_NAME = "$(TARGET_NAME)";
				SWIFT_VERSION = 5.0;
				TARGETED_DEVICE_FAMILY = "1,2";
				TEST_HOST = "$(BUILT_PRODUCTS_DIR)/Poses Pro.app/Poses Pro";
			};
			name = Release;
		};
		FA8B53A82398F2BA009E8E1F /* Debug */ = {
			isa = XCBuildConfiguration;
			buildSettings = {
				ALWAYS_EMBED_SWIFT_STANDARD_LIBRARIES = YES;
				CODE_SIGN_STYLE = Automatic;
				DEVELOPMENT_TEAM = 556343DW3U;
				INFOPLIST_FILE = PosesUITests/Info.plist;
				LD_RUNPATH_SEARCH_PATHS = (
					"$(inherited)",
					"@executable_path/Frameworks",
					"@loader_path/Frameworks",
				);
				PRODUCT_BUNDLE_IDENTIFIER = com.trollwerks.posesUITests;
				PRODUCT_NAME = "$(TARGET_NAME)";
				SWIFT_VERSION = 5.0;
				TARGETED_DEVICE_FAMILY = "1,2";
				TEST_TARGET_NAME = Poses;
			};
			name = Debug;
		};
		FA8B53A92398F2BA009E8E1F /* Release */ = {
			isa = XCBuildConfiguration;
			buildSettings = {
				ALWAYS_EMBED_SWIFT_STANDARD_LIBRARIES = YES;
				CODE_SIGN_STYLE = Automatic;
				DEVELOPMENT_TEAM = 556343DW3U;
				INFOPLIST_FILE = PosesUITests/Info.plist;
				LD_RUNPATH_SEARCH_PATHS = (
					"$(inherited)",
					"@executable_path/Frameworks",
					"@loader_path/Frameworks",
				);
				PRODUCT_BUNDLE_IDENTIFIER = com.trollwerks.posesUITests;
				PRODUCT_NAME = "$(TARGET_NAME)";
				SWIFT_VERSION = 5.0;
				TARGETED_DEVICE_FAMILY = "1,2";
				TEST_TARGET_NAME = Poses;
			};
			name = Release;
		};
/* End XCBuildConfiguration section */

/* Begin XCConfigurationList section */
		FA8B536F2398F2B9009E8E1F /* Build configuration list for PBXProject "Poses" */ = {
			isa = XCConfigurationList;
			buildConfigurations = (
				FA8B539F2398F2BA009E8E1F /* Debug */,
				FA8B53A02398F2BA009E8E1F /* Release */,
			);
			defaultConfigurationIsVisible = 0;
			defaultConfigurationName = Release;
		};
		FA8B53A12398F2BA009E8E1F /* Build configuration list for PBXNativeTarget "Poses" */ = {
			isa = XCConfigurationList;
			buildConfigurations = (
				FA8B53A22398F2BA009E8E1F /* Debug */,
				FA8B53A32398F2BA009E8E1F /* Release */,
			);
			defaultConfigurationIsVisible = 0;
			defaultConfigurationName = Release;
		};
		FA8B53A42398F2BA009E8E1F /* Build configuration list for PBXNativeTarget "PosesTests" */ = {
			isa = XCConfigurationList;
			buildConfigurations = (
				FA8B53A52398F2BA009E8E1F /* Debug */,
				FA8B53A62398F2BA009E8E1F /* Release */,
			);
			defaultConfigurationIsVisible = 0;
			defaultConfigurationName = Release;
		};
		FA8B53A72398F2BA009E8E1F /* Build configuration list for PBXNativeTarget "PosesUITests" */ = {
			isa = XCConfigurationList;
			buildConfigurations = (
				FA8B53A82398F2BA009E8E1F /* Debug */,
				FA8B53A92398F2BA009E8E1F /* Release */,
			);
			defaultConfigurationIsVisible = 0;
			defaultConfigurationName = Release;
		};
/* End XCConfigurationList section */

/* Begin XCVersionGroup section */
		FA8B537B2398F2B9009E8E1F /* Poses.xcdatamodeld */ = {
			isa = XCVersionGroup;
			children = (
				FA8B537C2398F2B9009E8E1F /* Poses.xcdatamodel */,
			);
			currentVersion = FA8B537C2398F2B9009E8E1F /* Poses.xcdatamodel */;
			path = Poses.xcdatamodeld;
			sourceTree = "<group>";
			versionGroupType = wrapper.xcdatamodel;
		};
/* End XCVersionGroup section */
	};
	rootObject = FA8B536C2398F2B9009E8E1F /* Project object */;
}
